
Microsoft Visual Studio Solution File, Format Version 12.00
# Visual Studio Version 17
VisualStudioVersion = 17.9.34728.123
MinimumVisualStudioVersion = 10.0.40219.1
Project("{FAE04EC0-301F-11D3-BF4B-00C04F79EFBC}") = "HomeWork_22.05.2024", "HomeWork_22.05.2024.csproj", "{1618F305-83D7-422C-AEE4-8D29F5B1FFE4}"
EndProject
Global
	GlobalSection(SolutionConfigurationPlatforms) = preSolution
		Debug|Any CPU = Debug|Any CPU
		Release|Any CPU = Release|Any CPU
	EndGlobalSection
	GlobalSection(ProjectConfigurationPlatforms) = postSolution
		{1618F305-83D7-422C-AEE4-8D29F5B1FFE4}.Debug|Any CPU.ActiveCfg = Debug|Any CPU
		{1618F305-83D7-422C-AEE4-8D29F5B1FFE4}.Debug|Any CPU.Build.0 = Debug|Any CPU
		{1618F305-83D7-422C-AEE4-8D29F5B1FFE4}.Release|Any CPU.ActiveCfg = Release|Any CPU
		{1618F305-83D7-422C-AEE4-8D29F5B1FFE4}.Release|Any CPU.Build.0 = Release|Any CPU
	EndGlobalSection
	GlobalSection(SolutionProperties) = preSolution
		HideSolutionNode = FALSE
	EndGlobalSection
	GlobalSection(ExtensibilityGlobals) = postSolution
		SolutionGuid = {54AF7B9A-3B1D-482D-8DE9-8971B443128C}
	EndGlobalSection
EndGlobal
